// !$*UTF8*$!
{
	archiveVersion = 1;
	classes = {
	};
	objectVersion = 51;
	objects = {

/* Begin PBXBuildFile section */
		08162FD023844CA100F19523 /* MessageService.swift in Sources */ = {isa = PBXBuildFile; fileRef = 08162FCF23844CA100F19523 /* MessageService.swift */; };
		08162FD223844D0000F19523 /* Channel.swift in Sources */ = {isa = PBXBuildFile; fileRef = 08162FD123844D0000F19523 /* Channel.swift */; };
		08162FD42384608500F19523 /* ChannelCell.swift in Sources */ = {isa = PBXBuildFile; fileRef = 08162FD32384608500F19523 /* ChannelCell.swift */; };
		08162FD92384717B00F19523 /* AddChannelVC.swift in Sources */ = {isa = PBXBuildFile; fileRef = 08162FD72384717B00F19523 /* AddChannelVC.swift */; };
		08162FDA2384717B00F19523 /* AddChannelVC.xib in Resources */ = {isa = PBXBuildFile; fileRef = 08162FD82384717B00F19523 /* AddChannelVC.xib */; };
		08162FDC2384984400F19523 /* SocketService.swift in Sources */ = {isa = PBXBuildFile; fileRef = 08162FDB2384984400F19523 /* SocketService.swift */; };
		08589FCC238318A600BADADE /* CircleImage.swift in Sources */ = {isa = PBXBuildFile; fileRef = 08589FCB238318A600BADADE /* CircleImage.swift */; };
		08589FCF23834F5B00BADADE /* ProfileVC.swift in Sources */ = {isa = PBXBuildFile; fileRef = 08589FCD23834F5B00BADADE /* ProfileVC.swift */; };
		08589FD023834F5B00BADADE /* ProfileVC.xib in Resources */ = {isa = PBXBuildFile; fileRef = 08589FCE23834F5B00BADADE /* ProfileVC.xib */; };
		086D1622237D2D4B001AEA69 /* AppDelegate.swift in Sources */ = {isa = PBXBuildFile; fileRef = 086D1621237D2D4B001AEA69 /* AppDelegate.swift */; };
		086D1624237D2D4B001AEA69 /* ViewController.swift in Sources */ = {isa = PBXBuildFile; fileRef = 086D1623237D2D4B001AEA69 /* ViewController.swift */; };
		086D1627237D2D4B001AEA69 /* Main.storyboard in Resources */ = {isa = PBXBuildFile; fileRef = 086D1625237D2D4B001AEA69 /* Main.storyboard */; };
		086D1629237D2D4C001AEA69 /* Assets.xcassets in Resources */ = {isa = PBXBuildFile; fileRef = 086D1628237D2D4C001AEA69 /* Assets.xcassets */; };
		086D162C237D2D4C001AEA69 /* LaunchScreen.storyboard in Resources */ = {isa = PBXBuildFile; fileRef = 086D162A237D2D4C001AEA69 /* LaunchScreen.storyboard */; };
		086D1637237D2F3F001AEA69 /* SWRevealViewController.m in Sources */ = {isa = PBXBuildFile; fileRef = 086D1636237D2F3F001AEA69 /* SWRevealViewController.m */; };
		086D163C237D31AD001AEA69 /* ChatVC.swift in Sources */ = {isa = PBXBuildFile; fileRef = 086D163B237D31AD001AEA69 /* ChatVC.swift */; };
		086D163E237D31D0001AEA69 /* ChannelVC.swift in Sources */ = {isa = PBXBuildFile; fileRef = 086D163D237D31D0001AEA69 /* ChannelVC.swift */; };
		087699B3237DCAA1004EEC33 /* GradientView.swift in Sources */ = {isa = PBXBuildFile; fileRef = 087699B2237DCAA1004EEC33 /* GradientView.swift */; };
		087699B6237DE70D004EEC33 /* Constants.swift in Sources */ = {isa = PBXBuildFile; fileRef = 087699B5237DE70D004EEC33 /* Constants.swift */; };
		087699B8237E1C27004EEC33 /* LoginVC.swift in Sources */ = {isa = PBXBuildFile; fileRef = 087699B7237E1C27004EEC33 /* LoginVC.swift */; };
		087699BA237E21E4004EEC33 /* CreateAccountVC.swift in Sources */ = {isa = PBXBuildFile; fileRef = 087699B9237E21E4004EEC33 /* CreateAccountVC.swift */; };
		087A6D04237F3F66006D523C /* AuthService.swift in Sources */ = {isa = PBXBuildFile; fileRef = 087A6D03237F3F66006D523C /* AuthService.swift */; };
		087A6D06237F7932006D523C /* RoundedButton.swift in Sources */ = {isa = PBXBuildFile; fileRef = 087A6D05237F7932006D523C /* RoundedButton.swift */; };
		087A6D08237FAD41006D523C /* UserDataService.swift in Sources */ = {isa = PBXBuildFile; fileRef = 087A6D07237FAD41006D523C /* UserDataService.swift */; };
		087A6D0C2380F5D0006D523C /* AvatarPickerVC.swift in Sources */ = {isa = PBXBuildFile; fileRef = 087A6D0B2380F5D0006D523C /* AvatarPickerVC.swift */; };
		087A6D0E2380FDE3006D523C /* AvatarCell.swift in Sources */ = {isa = PBXBuildFile; fileRef = 087A6D0D2380FDE3006D523C /* AvatarCell.swift */; };
		08CC90552385CFEC006E4FF2 /* Message.swift in Sources */ = {isa = PBXBuildFile; fileRef = 08CC90542385CFEC006E4FF2 /* Message.swift */; };
		08CC905A2385F20B006E4FF2 /* KeyboardBoundView.swift in Sources */ = {isa = PBXBuildFile; fileRef = 08CC90592385F20B006E4FF2 /* KeyboardBoundView.swift */; };
		08CC905C2385FA32006E4FF2 /* MessageCell.swift in Sources */ = {isa = PBXBuildFile; fileRef = 08CC905B2385FA32006E4FF2 /* MessageCell.swift */; };
		08CC905E23879610006E4FF2 /* AlertService.swift in Sources */ = {isa = PBXBuildFile; fileRef = 08CC905D23879610006E4FF2 /* AlertService.swift */; };
		4F939037969B64826E302381 /* Pods_Smack_10_.framework in Frameworks */ = {isa = PBXBuildFile; fileRef = 2406DD37EE3CC0B435A5F9D7 /* Pods_Smack_10_.framework */; };
		52B53AE1239F590F00DC2C15 /* LoginScreen.swift in Sources */ = {isa = PBXBuildFile; fileRef = 52B53AE0239F590F00DC2C15 /* LoginScreen.swift */; };
		52B53AE3239F592D00DC2C15 /* ChannelsScreen.swift in Sources */ = {isa = PBXBuildFile; fileRef = 52B53AE2239F592D00DC2C15 /* ChannelsScreen.swift */; };
		52B53AE5239F594800DC2C15 /* SmackScreen.swift in Sources */ = {isa = PBXBuildFile; fileRef = 52B53AE4239F594800DC2C15 /* SmackScreen.swift */; };
		52B53AE7239F597000DC2C15 /* CreateAccountScreen.swift in Sources */ = {isa = PBXBuildFile; fileRef = 52B53AE6239F597000DC2C15 /* CreateAccountScreen.swift */; };
		52B53AEA239F599700DC2C15 /* BaseTest.swift in Sources */ = {isa = PBXBuildFile; fileRef = 52B53AE9239F599700DC2C15 /* BaseTest.swift */; };
		52B53AEC239F59AD00DC2C15 /* BaseScreen.swift in Sources */ = {isa = PBXBuildFile; fileRef = 52B53AEB239F59AD00DC2C15 /* BaseScreen.swift */; };
		52B53AEE239F59D100DC2C15 /* LoginAndCreateAccount.swift in Sources */ = {isa = PBXBuildFile; fileRef = 52B53AED239F59D100DC2C15 /* LoginAndCreateAccount.swift */; };
		52B53AF0239F66C700DC2C15 /* Stub.swift in Sources */ = {isa = PBXBuildFile; fileRef = 52B53AEF239F66C700DC2C15 /* Stub.swift */; };
		52B53AF2239F66FF00DC2C15 /* Router.swift in Sources */ = {isa = PBXBuildFile; fileRef = 52B53AF1239F66FF00DC2C15 /* Router.swift */; };
		52B53AF4239F671C00DC2C15 /* Session.swift in Sources */ = {isa = PBXBuildFile; fileRef = 52B53AF3239F671C00DC2C15 /* Session.swift */; };
		52B53AF6239F673E00DC2C15 /* BaseStubTest.swift in Sources */ = {isa = PBXBuildFile; fileRef = 52B53AF5239F673E00DC2C15 /* BaseStubTest.swift */; };
		CE48F204BF2346F449AB525E /* libPods-Smack(10)UITests.a in Frameworks */ = {isa = PBXBuildFile; fileRef = 91AA9EDA852B55528D06C082 /* libPods-Smack(10)UITests.a */; };
/* End PBXBuildFile section */

/* Begin PBXContainerItemProxy section */
		52B53AD7239F58A700DC2C15 /* PBXContainerItemProxy */ = {
			isa = PBXContainerItemProxy;
			containerPortal = 086D1616237D2D4B001AEA69 /* Project object */;
			proxyType = 1;
			remoteGlobalIDString = 086D161D237D2D4B001AEA69;
			remoteInfo = "Smack(10)";
		};
/* End PBXContainerItemProxy section */

/* Begin PBXFileReference section */
		08162FCF23844CA100F19523 /* MessageService.swift */ = {isa = PBXFileReference; lastKnownFileType = sourcecode.swift; path = MessageService.swift; sourceTree = "<group>"; };
		08162FD123844D0000F19523 /* Channel.swift */ = {isa = PBXFileReference; lastKnownFileType = sourcecode.swift; path = Channel.swift; sourceTree = "<group>"; };
		08162FD32384608500F19523 /* ChannelCell.swift */ = {isa = PBXFileReference; lastKnownFileType = sourcecode.swift; path = ChannelCell.swift; sourceTree = "<group>"; };
		08162FD72384717B00F19523 /* AddChannelVC.swift */ = {isa = PBXFileReference; lastKnownFileType = sourcecode.swift; path = AddChannelVC.swift; sourceTree = "<group>"; };
		08162FD82384717B00F19523 /* AddChannelVC.xib */ = {isa = PBXFileReference; lastKnownFileType = file.xib; path = AddChannelVC.xib; sourceTree = "<group>"; };
		08162FDB2384984400F19523 /* SocketService.swift */ = {isa = PBXFileReference; lastKnownFileType = sourcecode.swift; path = SocketService.swift; sourceTree = "<group>"; };
		08589FCB238318A600BADADE /* CircleImage.swift */ = {isa = PBXFileReference; lastKnownFileType = sourcecode.swift; path = CircleImage.swift; sourceTree = "<group>"; };
		08589FCD23834F5B00BADADE /* ProfileVC.swift */ = {isa = PBXFileReference; lastKnownFileType = sourcecode.swift; path = ProfileVC.swift; sourceTree = "<group>"; };
		08589FCE23834F5B00BADADE /* ProfileVC.xib */ = {isa = PBXFileReference; lastKnownFileType = file.xib; path = ProfileVC.xib; sourceTree = "<group>"; };
		086D161E237D2D4B001AEA69 /* Smack(10).app */ = {isa = PBXFileReference; explicitFileType = wrapper.application; includeInIndex = 0; path = "Smack(10).app"; sourceTree = BUILT_PRODUCTS_DIR; };
		086D1621237D2D4B001AEA69 /* AppDelegate.swift */ = {isa = PBXFileReference; lastKnownFileType = sourcecode.swift; path = AppDelegate.swift; sourceTree = "<group>"; };
		086D1623237D2D4B001AEA69 /* ViewController.swift */ = {isa = PBXFileReference; lastKnownFileType = sourcecode.swift; path = ViewController.swift; sourceTree = "<group>"; };
		086D1626237D2D4B001AEA69 /* Base */ = {isa = PBXFileReference; lastKnownFileType = file.storyboard; name = Base; path = Base.lproj/Main.storyboard; sourceTree = "<group>"; };
		086D1628237D2D4C001AEA69 /* Assets.xcassets */ = {isa = PBXFileReference; lastKnownFileType = folder.assetcatalog; path = Assets.xcassets; sourceTree = "<group>"; };
		086D162B237D2D4C001AEA69 /* Base */ = {isa = PBXFileReference; lastKnownFileType = file.storyboard; name = Base; path = Base.lproj/LaunchScreen.storyboard; sourceTree = "<group>"; };
		086D162D237D2D4C001AEA69 /* Info.plist */ = {isa = PBXFileReference; lastKnownFileType = text.plist.xml; path = Info.plist; sourceTree = "<group>"; };
		086D1634237D2F3E001AEA69 /* Smack(10)-Bridging-Header.h */ = {isa = PBXFileReference; lastKnownFileType = sourcecode.c.h; path = "Smack(10)-Bridging-Header.h"; sourceTree = "<group>"; };
		086D1635237D2F3F001AEA69 /* SWRevealViewController.h */ = {isa = PBXFileReference; fileEncoding = 4; lastKnownFileType = sourcecode.c.h; path = SWRevealViewController.h; sourceTree = "<group>"; };
		086D1636237D2F3F001AEA69 /* SWRevealViewController.m */ = {isa = PBXFileReference; fileEncoding = 4; lastKnownFileType = sourcecode.c.objc; path = SWRevealViewController.m; sourceTree = "<group>"; };
		086D163B237D31AD001AEA69 /* ChatVC.swift */ = {isa = PBXFileReference; lastKnownFileType = sourcecode.swift; path = ChatVC.swift; sourceTree = "<group>"; };
		086D163D237D31D0001AEA69 /* ChannelVC.swift */ = {isa = PBXFileReference; lastKnownFileType = sourcecode.swift; path = ChannelVC.swift; sourceTree = "<group>"; };
		087699B2237DCAA1004EEC33 /* GradientView.swift */ = {isa = PBXFileReference; lastKnownFileType = sourcecode.swift; path = GradientView.swift; sourceTree = "<group>"; };
		087699B5237DE70D004EEC33 /* Constants.swift */ = {isa = PBXFileReference; lastKnownFileType = sourcecode.swift; path = Constants.swift; sourceTree = "<group>"; };
		087699B7237E1C27004EEC33 /* LoginVC.swift */ = {isa = PBXFileReference; lastKnownFileType = sourcecode.swift; path = LoginVC.swift; sourceTree = "<group>"; };
		087699B9237E21E4004EEC33 /* CreateAccountVC.swift */ = {isa = PBXFileReference; lastKnownFileType = sourcecode.swift; path = CreateAccountVC.swift; sourceTree = "<group>"; };
		087A6D03237F3F66006D523C /* AuthService.swift */ = {isa = PBXFileReference; lastKnownFileType = sourcecode.swift; path = AuthService.swift; sourceTree = "<group>"; };
		087A6D05237F7932006D523C /* RoundedButton.swift */ = {isa = PBXFileReference; lastKnownFileType = sourcecode.swift; path = RoundedButton.swift; sourceTree = "<group>"; };
		087A6D07237FAD41006D523C /* UserDataService.swift */ = {isa = PBXFileReference; lastKnownFileType = sourcecode.swift; path = UserDataService.swift; sourceTree = "<group>"; };
		087A6D0B2380F5D0006D523C /* AvatarPickerVC.swift */ = {isa = PBXFileReference; lastKnownFileType = sourcecode.swift; path = AvatarPickerVC.swift; sourceTree = "<group>"; };
		087A6D0D2380FDE3006D523C /* AvatarCell.swift */ = {isa = PBXFileReference; lastKnownFileType = sourcecode.swift; path = AvatarCell.swift; sourceTree = "<group>"; };
		08CC90542385CFEC006E4FF2 /* Message.swift */ = {isa = PBXFileReference; lastKnownFileType = sourcecode.swift; path = Message.swift; sourceTree = "<group>"; };
		08CC90592385F20B006E4FF2 /* KeyboardBoundView.swift */ = {isa = PBXFileReference; fileEncoding = 4; lastKnownFileType = sourcecode.swift; path = KeyboardBoundView.swift; sourceTree = "<group>"; };
		08CC905B2385FA32006E4FF2 /* MessageCell.swift */ = {isa = PBXFileReference; lastKnownFileType = sourcecode.swift; path = MessageCell.swift; sourceTree = "<group>"; };
		08CC905D23879610006E4FF2 /* AlertService.swift */ = {isa = PBXFileReference; lastKnownFileType = sourcecode.swift; path = AlertService.swift; sourceTree = "<group>"; };
		2406DD37EE3CC0B435A5F9D7 /* Pods_Smack_10_.framework */ = {isa = PBXFileReference; explicitFileType = wrapper.framework; includeInIndex = 0; path = Pods_Smack_10_.framework; sourceTree = BUILT_PRODUCTS_DIR; };
		52B53AD2239F58A700DC2C15 /* Smack(10)UITests.xctest */ = {isa = PBXFileReference; explicitFileType = wrapper.cfbundle; includeInIndex = 0; path = "Smack(10)UITests.xctest"; sourceTree = BUILT_PRODUCTS_DIR; };
		52B53AD6239F58A700DC2C15 /* Info.plist */ = {isa = PBXFileReference; lastKnownFileType = text.plist.xml; path = Info.plist; sourceTree = "<group>"; };
		52B53AE0239F590F00DC2C15 /* LoginScreen.swift */ = {isa = PBXFileReference; lastKnownFileType = sourcecode.swift; path = LoginScreen.swift; sourceTree = "<group>"; };
		52B53AE2239F592D00DC2C15 /* ChannelsScreen.swift */ = {isa = PBXFileReference; lastKnownFileType = sourcecode.swift; path = ChannelsScreen.swift; sourceTree = "<group>"; };
		52B53AE4239F594800DC2C15 /* SmackScreen.swift */ = {isa = PBXFileReference; lastKnownFileType = sourcecode.swift; path = SmackScreen.swift; sourceTree = "<group>"; };
		52B53AE6239F597000DC2C15 /* CreateAccountScreen.swift */ = {isa = PBXFileReference; lastKnownFileType = sourcecode.swift; path = CreateAccountScreen.swift; sourceTree = "<group>"; };
		52B53AE9239F599700DC2C15 /* BaseTest.swift */ = {isa = PBXFileReference; lastKnownFileType = sourcecode.swift; path = BaseTest.swift; sourceTree = "<group>"; };
		52B53AEB239F59AD00DC2C15 /* BaseScreen.swift */ = {isa = PBXFileReference; lastKnownFileType = sourcecode.swift; path = BaseScreen.swift; sourceTree = "<group>"; };
		52B53AED239F59D100DC2C15 /* LoginAndCreateAccount.swift */ = {isa = PBXFileReference; lastKnownFileType = sourcecode.swift; path = LoginAndCreateAccount.swift; sourceTree = "<group>"; };
		52B53AEF239F66C700DC2C15 /* Stub.swift */ = {isa = PBXFileReference; lastKnownFileType = sourcecode.swift; path = Stub.swift; sourceTree = "<group>"; };
		52B53AF1239F66FF00DC2C15 /* Router.swift */ = {isa = PBXFileReference; lastKnownFileType = sourcecode.swift; path = Router.swift; sourceTree = "<group>"; };
		52B53AF3239F671C00DC2C15 /* Session.swift */ = {isa = PBXFileReference; lastKnownFileType = sourcecode.swift; path = Session.swift; sourceTree = "<group>"; };
		52B53AF5239F673E00DC2C15 /* BaseStubTest.swift */ = {isa = PBXFileReference; lastKnownFileType = sourcecode.swift; path = BaseStubTest.swift; sourceTree = "<group>"; };
		6BCF163422F0828F4E656B34 /* Pods-Smack(10)UITests.debug.xcconfig */ = {isa = PBXFileReference; includeInIndex = 1; lastKnownFileType = text.xcconfig; name = "Pods-Smack(10)UITests.debug.xcconfig"; path = "Pods/Target Support Files/Pods-Smack(10)UITests/Pods-Smack(10)UITests.debug.xcconfig"; sourceTree = "<group>"; };
		6D17D9E5B3FC7D53BE133EC8 /* Pods-Smack(10)UITests.release.xcconfig */ = {isa = PBXFileReference; includeInIndex = 1; lastKnownFileType = text.xcconfig; name = "Pods-Smack(10)UITests.release.xcconfig"; path = "Pods/Target Support Files/Pods-Smack(10)UITests/Pods-Smack(10)UITests.release.xcconfig"; sourceTree = "<group>"; };
		72846E6C3D820EA4F6560897 /* Pods-Smack(10).debug.xcconfig */ = {isa = PBXFileReference; includeInIndex = 1; lastKnownFileType = text.xcconfig; name = "Pods-Smack(10).debug.xcconfig"; path = "Pods/Target Support Files/Pods-Smack(10)/Pods-Smack(10).debug.xcconfig"; sourceTree = "<group>"; };
		91AA9EDA852B55528D06C082 /* libPods-Smack(10)UITests.a */ = {isa = PBXFileReference; explicitFileType = archive.ar; includeInIndex = 0; path = "libPods-Smack(10)UITests.a"; sourceTree = BUILT_PRODUCTS_DIR; };
		D4427739D9180AB94E942DBC /* Pods-Smack(10).release.xcconfig */ = {isa = PBXFileReference; includeInIndex = 1; lastKnownFileType = text.xcconfig; name = "Pods-Smack(10).release.xcconfig"; path = "Pods/Target Support Files/Pods-Smack(10)/Pods-Smack(10).release.xcconfig"; sourceTree = "<group>"; };
/* End PBXFileReference section */

/* Begin PBXFrameworksBuildPhase section */
		086D161B237D2D4B001AEA69 /* Frameworks */ = {
			isa = PBXFrameworksBuildPhase;
			buildActionMask = 2147483647;
			files = (
				4F939037969B64826E302381 /* Pods_Smack_10_.framework in Frameworks */,
			);
			runOnlyForDeploymentPostprocessing = 0;
		};
		52B53ACF239F58A700DC2C15 /* Frameworks */ = {
			isa = PBXFrameworksBuildPhase;
			buildActionMask = 2147483647;
			files = (
				CE48F204BF2346F449AB525E /* libPods-Smack(10)UITests.a in Frameworks */,
			);
			runOnlyForDeploymentPostprocessing = 0;
		};
/* End PBXFrameworksBuildPhase section */

/* Begin PBXGroup section */
		08589FD123834F9600BADADE /* XIBs */ = {
			isa = PBXGroup;
			children = (
				08589FCE23834F5B00BADADE /* ProfileVC.xib */,
				08162FD82384717B00F19523 /* AddChannelVC.xib */,
			);
			path = XIBs;
			sourceTree = "<group>";
		};
		086D1615237D2D4B001AEA69 = {
			isa = PBXGroup;
			children = (
				086D1620237D2D4B001AEA69 /* Smack(10) */,
				52B53AD3239F58A700DC2C15 /* Smack(10)UITests */,
				086D161F237D2D4B001AEA69 /* Products */,
				F6E0F243399CFBACA341C7DB /* Pods */,
				4AB2A80188507CAB13D73A4A /* Frameworks */,
			);
			sourceTree = "<group>";
		};
		086D161F237D2D4B001AEA69 /* Products */ = {
			isa = PBXGroup;
			children = (
				086D161E237D2D4B001AEA69 /* Smack(10).app */,
				52B53AD2239F58A700DC2C15 /* Smack(10)UITests.xctest */,
			);
			name = Products;
			sourceTree = "<group>";
		};
		086D1620237D2D4B001AEA69 /* Smack(10) */ = {
			isa = PBXGroup;
			children = (
				08589FD123834F9600BADADE /* XIBs */,
				087A6D02237F3F2E006D523C /* Services */,
				087699B4237DE6EF004EEC33 /* Utilities */,
				086D163A237D3195001AEA69 /* model */,
				086D1639237D318C001AEA69 /* View */,
				086D1638237D3183001AEA69 /* Controller */,
				086D1633237D2F08001AEA69 /* Support files */,
				086D1621237D2D4B001AEA69 /* AppDelegate.swift */,
				086D1623237D2D4B001AEA69 /* ViewController.swift */,
				086D1625237D2D4B001AEA69 /* Main.storyboard */,
				086D1628237D2D4C001AEA69 /* Assets.xcassets */,
				086D162A237D2D4C001AEA69 /* LaunchScreen.storyboard */,
				086D162D237D2D4C001AEA69 /* Info.plist */,
			);
			path = "Smack(10)";
			sourceTree = "<group>";
		};
		086D1633237D2F08001AEA69 /* Support files */ = {
			isa = PBXGroup;
			children = (
				086D1635237D2F3F001AEA69 /* SWRevealViewController.h */,
				086D1636237D2F3F001AEA69 /* SWRevealViewController.m */,
				086D1634237D2F3E001AEA69 /* Smack(10)-Bridging-Header.h */,
			);
			path = "Support files";
			sourceTree = "<group>";
		};
		086D1638237D3183001AEA69 /* Controller */ = {
			isa = PBXGroup;
			children = (
				086D163B237D31AD001AEA69 /* ChatVC.swift */,
				086D163D237D31D0001AEA69 /* ChannelVC.swift */,
				087699B7237E1C27004EEC33 /* LoginVC.swift */,
				087699B9237E21E4004EEC33 /* CreateAccountVC.swift */,
				087A6D0B2380F5D0006D523C /* AvatarPickerVC.swift */,
				08589FCD23834F5B00BADADE /* ProfileVC.swift */,
				08162FD72384717B00F19523 /* AddChannelVC.swift */,
			);
			path = Controller;
			sourceTree = "<group>";
		};
		086D1639237D318C001AEA69 /* View */ = {
			isa = PBXGroup;
			children = (
				087699B2237DCAA1004EEC33 /* GradientView.swift */,
				087A6D05237F7932006D523C /* RoundedButton.swift */,
				087A6D0D2380FDE3006D523C /* AvatarCell.swift */,
				08589FCB238318A600BADADE /* CircleImage.swift */,
				08162FD32384608500F19523 /* ChannelCell.swift */,
				08CC90592385F20B006E4FF2 /* KeyboardBoundView.swift */,
				08CC905B2385FA32006E4FF2 /* MessageCell.swift */,
			);
			path = View;
			sourceTree = "<group>";
		};
		086D163A237D3195001AEA69 /* model */ = {
			isa = PBXGroup;
			children = (
				08162FD123844D0000F19523 /* Channel.swift */,
				08CC90542385CFEC006E4FF2 /* Message.swift */,
			);
			path = model;
			sourceTree = "<group>";
		};
		087699B4237DE6EF004EEC33 /* Utilities */ = {
			isa = PBXGroup;
			children = (
				087699B5237DE70D004EEC33 /* Constants.swift */,
			);
			path = Utilities;
			sourceTree = "<group>";
		};
		087A6D02237F3F2E006D523C /* Services */ = {
			isa = PBXGroup;
			children = (
				087A6D03237F3F66006D523C /* AuthService.swift */,
				087A6D07237FAD41006D523C /* UserDataService.swift */,
				08162FCF23844CA100F19523 /* MessageService.swift */,
				08162FDB2384984400F19523 /* SocketService.swift */,
				08CC905D23879610006E4FF2 /* AlertService.swift */,
			);
			path = Services;
			sourceTree = "<group>";
		};
		4AB2A80188507CAB13D73A4A /* Frameworks */ = {
			isa = PBXGroup;
			children = (
				2406DD37EE3CC0B435A5F9D7 /* Pods_Smack_10_.framework */,
				91AA9EDA852B55528D06C082 /* libPods-Smack(10)UITests.a */,
			);
			name = Frameworks;
			sourceTree = "<group>";
		};
		52B53AD3239F58A700DC2C15 /* Smack(10)UITests */ = {
			isa = PBXGroup;
			children = (
				52B53ADF239F58F000DC2C15 /* Screens */,
				52B53ADC239F58C500DC2C15 /* Stubtests */,
				52B53ADE239F58E600DC2C15 /* Tests */,
				52B53ADD239F58D700DC2C15 /* Utils */,
				52B53AD6239F58A700DC2C15 /* Info.plist */,
			);
			path = "Smack(10)UITests";
			sourceTree = "<group>";
		};
		52B53ADC239F58C500DC2C15 /* Stubtests */ = {
			isa = PBXGroup;
			children = (
				52B53AEF239F66C700DC2C15 /* Stub.swift */,
			);
			path = Stubtests;
			sourceTree = "<group>";
		};
		52B53ADD239F58D700DC2C15 /* Utils */ = {
			isa = PBXGroup;
			children = (
				52B53AE8239F598400DC2C15 /* Stub */,
				52B53AE9239F599700DC2C15 /* BaseTest.swift */,
				52B53AEB239F59AD00DC2C15 /* BaseScreen.swift */,
			);
			path = Utils;
			sourceTree = "<group>";
		};
		52B53ADE239F58E600DC2C15 /* Tests */ = {
			isa = PBXGroup;
			children = (
				52B53AED239F59D100DC2C15 /* LoginAndCreateAccount.swift */,
			);
			path = Tests;
			sourceTree = "<group>";
		};
		52B53ADF239F58F000DC2C15 /* Screens */ = {
			isa = PBXGroup;
			children = (
				52B53AE0239F590F00DC2C15 /* LoginScreen.swift */,
				52B53AE2239F592D00DC2C15 /* ChannelsScreen.swift */,
				52B53AE4239F594800DC2C15 /* SmackScreen.swift */,
				52B53AE6239F597000DC2C15 /* CreateAccountScreen.swift */,
			);
			path = Screens;
			sourceTree = "<group>";
		};
		52B53AE8239F598400DC2C15 /* Stub */ = {
			isa = PBXGroup;
			children = (
				52B53AF1239F66FF00DC2C15 /* Router.swift */,
				52B53AF3239F671C00DC2C15 /* Session.swift */,
				52B53AF5239F673E00DC2C15 /* BaseStubTest.swift */,
			);
			path = Stub;
			sourceTree = "<group>";
		};
		F6E0F243399CFBACA341C7DB /* Pods */ = {
			isa = PBXGroup;
			children = (
				72846E6C3D820EA4F6560897 /* Pods-Smack(10).debug.xcconfig */,
				D4427739D9180AB94E942DBC /* Pods-Smack(10).release.xcconfig */,
				6BCF163422F0828F4E656B34 /* Pods-Smack(10)UITests.debug.xcconfig */,
				6D17D9E5B3FC7D53BE133EC8 /* Pods-Smack(10)UITests.release.xcconfig */,
			);
			name = Pods;
			sourceTree = "<group>";
		};
/* End PBXGroup section */

/* Begin PBXNativeTarget section */
		086D161D237D2D4B001AEA69 /* Smack(10) */ = {
			isa = PBXNativeTarget;
			buildConfigurationList = 086D1630237D2D4C001AEA69 /* Build configuration list for PBXNativeTarget "Smack(10)" */;
			buildPhases = (
				30DCAA6EB5E4248AB9334AC7 /* [CP] Check Pods Manifest.lock */,
				086D161A237D2D4B001AEA69 /* Sources */,
				086D161B237D2D4B001AEA69 /* Frameworks */,
				086D161C237D2D4B001AEA69 /* Resources */,
				55D0E90553B289ECB2A2183D /* [CP] Embed Pods Frameworks */,
			);
			buildRules = (
			);
			dependencies = (
			);
			name = "Smack(10)";
			productName = "Smack(10)";
			productReference = 086D161E237D2D4B001AEA69 /* Smack(10).app */;
			productType = "com.apple.product-type.application";
		};
		52B53AD1239F58A700DC2C15 /* Smack(10)UITests */ = {
			isa = PBXNativeTarget;
			buildConfigurationList = 52B53ADB239F58A700DC2C15 /* Build configuration list for PBXNativeTarget "Smack(10)UITests" */;
			buildPhases = (
				4AA74D731695EE0E633F0AFA /* [CP] Check Pods Manifest.lock */,
				52B53ACE239F58A700DC2C15 /* Sources */,
				52B53ACF239F58A700DC2C15 /* Frameworks */,
				52B53AD0239F58A700DC2C15 /* Resources */,
			);
			buildRules = (
			);
			dependencies = (
				52B53AD8239F58A700DC2C15 /* PBXTargetDependency */,
			);
			name = "Smack(10)UITests";
			productName = "Smack(10)UITests";
			productReference = 52B53AD2239F58A700DC2C15 /* Smack(10)UITests.xctest */;
			productType = "com.apple.product-type.bundle.ui-testing";
		};
/* End PBXNativeTarget section */

/* Begin PBXProject section */
		086D1616237D2D4B001AEA69 /* Project object */ = {
			isa = PBXProject;
			attributes = {
				LastSwiftUpdateCheck = 1120;
				LastUpgradeCheck = 1030;
				ORGANIZATIONNAME = "Max Egorov";
				TargetAttributes = {
					086D161D237D2D4B001AEA69 = {
						CreatedOnToolsVersion = 10.3;
						LastSwiftMigration = 1030;
					};
					52B53AD1239F58A700DC2C15 = {
						CreatedOnToolsVersion = 11.2.1;
						TestTargetID = 086D161D237D2D4B001AEA69;
					};
				};
			};
			buildConfigurationList = 086D1619237D2D4B001AEA69 /* Build configuration list for PBXProject "Smack(10)" */;
			compatibilityVersion = "Xcode 9.3";
			developmentRegion = en;
			hasScannedForEncodings = 0;
			knownRegions = (
				en,
				Base,
			);
			mainGroup = 086D1615237D2D4B001AEA69;
			productRefGroup = 086D161F237D2D4B001AEA69 /* Products */;
			projectDirPath = "";
			projectRoot = "";
			targets = (
				086D161D237D2D4B001AEA69 /* Smack(10) */,
				52B53AD1239F58A700DC2C15 /* Smack(10)UITests */,
			);
		};
/* End PBXProject section */

/* Begin PBXResourcesBuildPhase section */
		086D161C237D2D4B001AEA69 /* Resources */ = {
			isa = PBXResourcesBuildPhase;
			buildActionMask = 2147483647;
			files = (
				08162FDA2384717B00F19523 /* AddChannelVC.xib in Resources */,
				08589FD023834F5B00BADADE /* ProfileVC.xib in Resources */,
				086D162C237D2D4C001AEA69 /* LaunchScreen.storyboard in Resources */,
				086D1629237D2D4C001AEA69 /* Assets.xcassets in Resources */,
				086D1627237D2D4B001AEA69 /* Main.storyboard in Resources */,
			);
			runOnlyForDeploymentPostprocessing = 0;
		};
		52B53AD0239F58A700DC2C15 /* Resources */ = {
			isa = PBXResourcesBuildPhase;
			buildActionMask = 2147483647;
			files = (
			);
			runOnlyForDeploymentPostprocessing = 0;
		};
/* End PBXResourcesBuildPhase section */

/* Begin PBXShellScriptBuildPhase section */
		30DCAA6EB5E4248AB9334AC7 /* [CP] Check Pods Manifest.lock */ = {
			isa = PBXShellScriptBuildPhase;
			buildActionMask = 2147483647;
			files = (
			);
			inputPaths = (
				"${PODS_PODFILE_DIR_PATH}/Podfile.lock",
				"${PODS_ROOT}/Manifest.lock",
			);
			name = "[CP] Check Pods Manifest.lock";
			outputPaths = (
				"$(DERIVED_FILE_DIR)/Pods-Smack(10)-checkManifestLockResult.txt",
			);
			runOnlyForDeploymentPostprocessing = 0;
			shellPath = /bin/sh;
			shellScript = "diff \"${PODS_PODFILE_DIR_PATH}/Podfile.lock\" \"${PODS_ROOT}/Manifest.lock\" > /dev/null\nif [ $? != 0 ] ; then\n    # print error to STDERR\n    echo \"error: The sandbox is not in sync with the Podfile.lock. Run 'pod install' or update your CocoaPods installation.\" >&2\n    exit 1\nfi\n# This output is used by Xcode 'outputs' to avoid re-running this script phase.\necho \"SUCCESS\" > \"${SCRIPT_OUTPUT_FILE_0}\"\n";
			showEnvVarsInLog = 0;
		};
		4AA74D731695EE0E633F0AFA /* [CP] Check Pods Manifest.lock */ = {
			isa = PBXShellScriptBuildPhase;
			buildActionMask = 2147483647;
			files = (
			);
			inputFileListPaths = (
			);
			inputPaths = (
				"${PODS_PODFILE_DIR_PATH}/Podfile.lock",
				"${PODS_ROOT}/Manifest.lock",
			);
			name = "[CP] Check Pods Manifest.lock";
			outputFileListPaths = (
			);
			outputPaths = (
				"$(DERIVED_FILE_DIR)/Pods-Smack(10)UITests-checkManifestLockResult.txt",
			);
			runOnlyForDeploymentPostprocessing = 0;
			shellPath = /bin/sh;
			shellScript = "diff \"${PODS_PODFILE_DIR_PATH}/Podfile.lock\" \"${PODS_ROOT}/Manifest.lock\" > /dev/null\nif [ $? != 0 ] ; then\n    # print error to STDERR\n    echo \"error: The sandbox is not in sync with the Podfile.lock. Run 'pod install' or update your CocoaPods installation.\" >&2\n    exit 1\nfi\n# This output is used by Xcode 'outputs' to avoid re-running this script phase.\necho \"SUCCESS\" > \"${SCRIPT_OUTPUT_FILE_0}\"\n";
			showEnvVarsInLog = 0;
		};
		55D0E90553B289ECB2A2183D /* [CP] Embed Pods Frameworks */ = {
			isa = PBXShellScriptBuildPhase;
			buildActionMask = 2147483647;
			files = (
			);
			inputFileListPaths = (
				"${PODS_ROOT}/Target Support Files/Pods-Smack(10)/Pods-Smack(10)-frameworks-${CONFIGURATION}-input-files.xcfilelist",
			);
			name = "[CP] Embed Pods Frameworks";
			outputFileListPaths = (
				"${PODS_ROOT}/Target Support Files/Pods-Smack(10)/Pods-Smack(10)-frameworks-${CONFIGURATION}-output-files.xcfilelist",
			);
			runOnlyForDeploymentPostprocessing = 0;
			shellPath = /bin/sh;
			shellScript = "\"${PODS_ROOT}/Target Support Files/Pods-Smack(10)/Pods-Smack(10)-frameworks.sh\"\n";
			showEnvVarsInLog = 0;
		};
/* End PBXShellScriptBuildPhase section */

/* Begin PBXSourcesBuildPhase section */
		086D161A237D2D4B001AEA69 /* Sources */ = {
			isa = PBXSourcesBuildPhase;
			buildActionMask = 2147483647;
			files = (
				086D163C237D31AD001AEA69 /* ChatVC.swift in Sources */,
				086D1624237D2D4B001AEA69 /* ViewController.swift in Sources */,
				08CC905A2385F20B006E4FF2 /* KeyboardBoundView.swift in Sources */,
				087A6D0E2380FDE3006D523C /* AvatarCell.swift in Sources */,
				087699B8237E1C27004EEC33 /* LoginVC.swift in Sources */,
				08589FCF23834F5B00BADADE /* ProfileVC.swift in Sources */,
				087699B3237DCAA1004EEC33 /* GradientView.swift in Sources */,
				08162FD023844CA100F19523 /* MessageService.swift in Sources */,
				08162FD223844D0000F19523 /* Channel.swift in Sources */,
				086D1622237D2D4B001AEA69 /* AppDelegate.swift in Sources */,
				087699BA237E21E4004EEC33 /* CreateAccountVC.swift in Sources */,
				08162FD42384608500F19523 /* ChannelCell.swift in Sources */,
				087A6D08237FAD41006D523C /* UserDataService.swift in Sources */,
				087A6D06237F7932006D523C /* RoundedButton.swift in Sources */,
				087699B6237DE70D004EEC33 /* Constants.swift in Sources */,
				08162FDC2384984400F19523 /* SocketService.swift in Sources */,
				087A6D04237F3F66006D523C /* AuthService.swift in Sources */,
				08CC905C2385FA32006E4FF2 /* MessageCell.swift in Sources */,
				086D1637237D2F3F001AEA69 /* SWRevealViewController.m in Sources */,
				08CC905E23879610006E4FF2 /* AlertService.swift in Sources */,
				08CC90552385CFEC006E4FF2 /* Message.swift in Sources */,
				08162FD92384717B00F19523 /* AddChannelVC.swift in Sources */,
				086D163E237D31D0001AEA69 /* ChannelVC.swift in Sources */,
				087A6D0C2380F5D0006D523C /* AvatarPickerVC.swift in Sources */,
				08589FCC238318A600BADADE /* CircleImage.swift in Sources */,
			);
			runOnlyForDeploymentPostprocessing = 0;
		};
		52B53ACE239F58A700DC2C15 /* Sources */ = {
			isa = PBXSourcesBuildPhase;
			buildActionMask = 2147483647;
			files = (
				52B53AE3239F592D00DC2C15 /* ChannelsScreen.swift in Sources */,
				52B53AF2239F66FF00DC2C15 /* Router.swift in Sources */,
				52B53AEC239F59AD00DC2C15 /* BaseScreen.swift in Sources */,
				52B53AEE239F59D100DC2C15 /* LoginAndCreateAccount.swift in Sources */,
				52B53AF0239F66C700DC2C15 /* Stub.swift in Sources */,
				52B53AE1239F590F00DC2C15 /* LoginScreen.swift in Sources */,
				52B53AF4239F671C00DC2C15 /* Session.swift in Sources */,
				52B53AE5239F594800DC2C15 /* SmackScreen.swift in Sources */,
				52B53AEA239F599700DC2C15 /* BaseTest.swift in Sources */,
				52B53AF6239F673E00DC2C15 /* BaseStubTest.swift in Sources */,
				52B53AE7239F597000DC2C15 /* CreateAccountScreen.swift in Sources */,
			);
			runOnlyForDeploymentPostprocessing = 0;
		};
/* End PBXSourcesBuildPhase section */

/* Begin PBXTargetDependency section */
		52B53AD8239F58A700DC2C15 /* PBXTargetDependency */ = {
			isa = PBXTargetDependency;
			target = 086D161D237D2D4B001AEA69 /* Smack(10) */;
			targetProxy = 52B53AD7239F58A700DC2C15 /* PBXContainerItemProxy */;
		};
/* End PBXTargetDependency section */

/* Begin PBXVariantGroup section */
		086D1625237D2D4B001AEA69 /* Main.storyboard */ = {
			isa = PBXVariantGroup;
			children = (
				086D1626237D2D4B001AEA69 /* Base */,
			);
			name = Main.storyboard;
			sourceTree = "<group>";
		};
		086D162A237D2D4C001AEA69 /* LaunchScreen.storyboard */ = {
			isa = PBXVariantGroup;
			children = (
				086D162B237D2D4C001AEA69 /* Base */,
			);
			name = LaunchScreen.storyboard;
			sourceTree = "<group>";
		};
/* End PBXVariantGroup section */

/* Begin XCBuildConfiguration section */
		086D162E237D2D4C001AEA69 /* Debug */ = {
			isa = XCBuildConfiguration;
			buildSettings = {
				ALWAYS_SEARCH_USER_PATHS = NO;
				CLANG_ANALYZER_NONNULL = YES;
				CLANG_ANALYZER_NUMBER_OBJECT_CONVERSION = YES_AGGRESSIVE;
				CLANG_CXX_LANGUAGE_STANDARD = "gnu++14";
				CLANG_CXX_LIBRARY = "libc++";
				CLANG_ENABLE_MODULES = YES;
				CLANG_ENABLE_OBJC_ARC = YES;
				CLANG_ENABLE_OBJC_WEAK = YES;
				CLANG_WARN_BLOCK_CAPTURE_AUTORELEASING = YES;
				CLANG_WARN_BOOL_CONVERSION = YES;
				CLANG_WARN_COMMA = YES;
				CLANG_WARN_CONSTANT_CONVERSION = YES;
				CLANG_WARN_DEPRECATED_OBJC_IMPLEMENTATIONS = YES;
				CLANG_WARN_DIRECT_OBJC_ISA_USAGE = YES_ERROR;
				CLANG_WARN_DOCUMENTATION_COMMENTS = YES;
				CLANG_WARN_EMPTY_BODY = YES;
				CLANG_WARN_ENUM_CONVERSION = YES;
				CLANG_WARN_INFINITE_RECURSION = YES;
				CLANG_WARN_INT_CONVERSION = YES;
				CLANG_WARN_NON_LITERAL_NULL_CONVERSION = YES;
				CLANG_WARN_OBJC_IMPLICIT_RETAIN_SELF = YES;
				CLANG_WARN_OBJC_LITERAL_CONVERSION = YES;
				CLANG_WARN_OBJC_ROOT_CLASS = YES_ERROR;
				CLANG_WARN_RANGE_LOOP_ANALYSIS = YES;
				CLANG_WARN_STRICT_PROTOTYPES = YES;
				CLANG_WARN_SUSPICIOUS_MOVE = YES;
				CLANG_WARN_UNGUARDED_AVAILABILITY = YES_AGGRESSIVE;
				CLANG_WARN_UNREACHABLE_CODE = YES;
				CLANG_WARN__DUPLICATE_METHOD_MATCH = YES;
				CODE_SIGN_IDENTITY = "iPhone Developer";
				COPY_PHASE_STRIP = NO;
				DEBUG_INFORMATION_FORMAT = dwarf;
				ENABLE_STRICT_OBJC_MSGSEND = YES;
				ENABLE_TESTABILITY = YES;
				GCC_C_LANGUAGE_STANDARD = gnu11;
				GCC_DYNAMIC_NO_PIC = NO;
				GCC_NO_COMMON_BLOCKS = YES;
				GCC_OPTIMIZATION_LEVEL = 0;
				GCC_PREPROCESSOR_DEFINITIONS = (
					"DEBUG=1",
					"$(inherited)",
				);
				GCC_WARN_64_TO_32_BIT_CONVERSION = YES;
				GCC_WARN_ABOUT_RETURN_TYPE = YES_ERROR;
				GCC_WARN_UNDECLARED_SELECTOR = YES;
				GCC_WARN_UNINITIALIZED_AUTOS = YES_AGGRESSIVE;
				GCC_WARN_UNUSED_FUNCTION = YES;
				GCC_WARN_UNUSED_VARIABLE = YES;
				IPHONEOS_DEPLOYMENT_TARGET = 12.4;
				MTL_ENABLE_DEBUG_INFO = INCLUDE_SOURCE;
				MTL_FAST_MATH = YES;
				ONLY_ACTIVE_ARCH = YES;
				SDKROOT = iphoneos;
				SWIFT_ACTIVE_COMPILATION_CONDITIONS = DEBUG;
				SWIFT_OPTIMIZATION_LEVEL = "-Onone";
			};
			name = Debug;
		};
		086D162F237D2D4C001AEA69 /* Release */ = {
			isa = XCBuildConfiguration;
			buildSettings = {
				ALWAYS_SEARCH_USER_PATHS = NO;
				CLANG_ANALYZER_NONNULL = YES;
				CLANG_ANALYZER_NUMBER_OBJECT_CONVERSION = YES_AGGRESSIVE;
				CLANG_CXX_LANGUAGE_STANDARD = "gnu++14";
				CLANG_CXX_LIBRARY = "libc++";
				CLANG_ENABLE_MODULES = YES;
				CLANG_ENABLE_OBJC_ARC = YES;
				CLANG_ENABLE_OBJC_WEAK = YES;
				CLANG_WARN_BLOCK_CAPTURE_AUTORELEASING = YES;
				CLANG_WARN_BOOL_CONVERSION = YES;
				CLANG_WARN_COMMA = YES;
				CLANG_WARN_CONSTANT_CONVERSION = YES;
				CLANG_WARN_DEPRECATED_OBJC_IMPLEMENTATIONS = YES;
				CLANG_WARN_DIRECT_OBJC_ISA_USAGE = YES_ERROR;
				CLANG_WARN_DOCUMENTATION_COMMENTS = YES;
				CLANG_WARN_EMPTY_BODY = YES;
				CLANG_WARN_ENUM_CONVERSION = YES;
				CLANG_WARN_INFINITE_RECURSION = YES;
				CLANG_WARN_INT_CONVERSION = YES;
				CLANG_WARN_NON_LITERAL_NULL_CONVERSION = YES;
				CLANG_WARN_OBJC_IMPLICIT_RETAIN_SELF = YES;
				CLANG_WARN_OBJC_LITERAL_CONVERSION = YES;
				CLANG_WARN_OBJC_ROOT_CLASS = YES_ERROR;
				CLANG_WARN_RANGE_LOOP_ANALYSIS = YES;
				CLANG_WARN_STRICT_PROTOTYPES = YES;
				CLANG_WARN_SUSPICIOUS_MOVE = YES;
				CLANG_WARN_UNGUARDED_AVAILABILITY = YES_AGGRESSIVE;
				CLANG_WARN_UNREACHABLE_CODE = YES;
				CLANG_WARN__DUPLICATE_METHOD_MATCH = YES;
				CODE_SIGN_IDENTITY = "iPhone Developer";
				COPY_PHASE_STRIP = NO;
				DEBUG_INFORMATION_FORMAT = "dwarf-with-dsym";
				ENABLE_NS_ASSERTIONS = NO;
				ENABLE_STRICT_OBJC_MSGSEND = YES;
				GCC_C_LANGUAGE_STANDARD = gnu11;
				GCC_NO_COMMON_BLOCKS = YES;
				GCC_WARN_64_TO_32_BIT_CONVERSION = YES;
				GCC_WARN_ABOUT_RETURN_TYPE = YES_ERROR;
				GCC_WARN_UNDECLARED_SELECTOR = YES;
				GCC_WARN_UNINITIALIZED_AUTOS = YES_AGGRESSIVE;
				GCC_WARN_UNUSED_FUNCTION = YES;
				GCC_WARN_UNUSED_VARIABLE = YES;
				IPHONEOS_DEPLOYMENT_TARGET = 12.4;
				MTL_ENABLE_DEBUG_INFO = NO;
				MTL_FAST_MATH = YES;
				SDKROOT = iphoneos;
				SWIFT_COMPILATION_MODE = wholemodule;
				SWIFT_OPTIMIZATION_LEVEL = "-O";
				VALIDATE_PRODUCT = YES;
			};
			name = Release;
		};
		086D1631237D2D4C001AEA69 /* Debug */ = {
			isa = XCBuildConfiguration;
			baseConfigurationReference = 72846E6C3D820EA4F6560897 /* Pods-Smack(10).debug.xcconfig */;
			buildSettings = {
				ASSETCATALOG_COMPILER_APPICON_NAME = AppIcon;
				CLANG_ENABLE_MODULES = YES;
				CODE_SIGN_STYLE = Automatic;
				INFOPLIST_FILE = "Smack(10)/Info.plist";
				LD_RUNPATH_SEARCH_PATHS = (
					"$(inherited)",
					"@executable_path/Frameworks",
				);
				PRODUCT_BUNDLE_IDENTIFIER = "max.Smack-10-";
				PRODUCT_NAME = "$(TARGET_NAME)";
				SWIFT_OBJC_BRIDGING_HEADER = "Smack(10)/Support files/Smack(10)-Bridging-Header.h";
				SWIFT_OPTIMIZATION_LEVEL = "-Onone";
				SWIFT_VERSION = 5.0;
				TARGETED_DEVICE_FAMILY = "1,2";
			};
			name = Debug;
		};
		086D1632237D2D4C001AEA69 /* Release */ = {
			isa = XCBuildConfiguration;
			baseConfigurationReference = D4427739D9180AB94E942DBC /* Pods-Smack(10).release.xcconfig */;
			buildSettings = {
				ASSETCATALOG_COMPILER_APPICON_NAME = AppIcon;
				CLANG_ENABLE_MODULES = YES;
				CODE_SIGN_STYLE = Automatic;
				INFOPLIST_FILE = "Smack(10)/Info.plist";
				LD_RUNPATH_SEARCH_PATHS = (
					"$(inherited)",
					"@executable_path/Frameworks",
				);
				PRODUCT_BUNDLE_IDENTIFIER = "max.Smack-10-";
				PRODUCT_NAME = "$(TARGET_NAME)";
				SWIFT_OBJC_BRIDGING_HEADER = "Smack(10)/Support files/Smack(10)-Bridging-Header.h";
				SWIFT_VERSION = 5.0;
				TARGETED_DEVICE_FAMILY = "1,2";
			};
			name = Release;
		};
		52B53AD9239F58A700DC2C15 /* Debug */ = {
			isa = XCBuildConfiguration;
			baseConfigurationReference = 6BCF163422F0828F4E656B34 /* Pods-Smack(10)UITests.debug.xcconfig */;
			buildSettings = {
				CODE_SIGN_STYLE = Automatic;
				INFOPLIST_FILE = "Smack(10)UITests/Info.plist";
				IPHONEOS_DEPLOYMENT_TARGET = 13.2;
				LD_RUNPATH_SEARCH_PATHS = (
					"$(inherited)",
					"@executable_path/Frameworks",
					"@loader_path/Frameworks",
				);
				PRODUCT_BUNDLE_IDENTIFIER = "com.max.smack-10-UITests.Smack-10-UITests";
				PRODUCT_NAME = "$(TARGET_NAME)";
				SWIFT_VERSION = 5.0;
				TARGETED_DEVICE_FAMILY = "1,2";
				TEST_TARGET_NAME = "Smack(10)";
			};
			name = Debug;
		};
		52B53ADA239F58A700DC2C15 /* Release */ = {
			isa = XCBuildConfiguration;
			baseConfigurationReference = 6D17D9E5B3FC7D53BE133EC8 /* Pods-Smack(10)UITests.release.xcconfig */;
			buildSettings = {
				CODE_SIGN_STYLE = Automatic;
				INFOPLIST_FILE = "Smack(10)UITests/Info.plist";
				IPHONEOS_DEPLOYMENT_TARGET = 13.2;
				LD_RUNPATH_SEARCH_PATHS = (
					"$(inherited)",
					"@executable_path/Frameworks",
					"@loader_path/Frameworks",
				);
				PRODUCT_BUNDLE_IDENTIFIER = "com.max.smack-10-UITests.Smack-10-UITests";
				PRODUCT_NAME = "$(TARGET_NAME)";
				SWIFT_VERSION = 5.0;
				TARGETED_DEVICE_FAMILY = "1,2";
				TEST_TARGET_NAME = "Smack(10)";
			};
			name = Release;
		};
/* End XCBuildConfiguration section */

/* Begin XCConfigurationList section */
		086D1619237D2D4B001AEA69 /* Build configuration list for PBXProject "Smack(10)" */ = {
			isa = XCConfigurationList;
			buildConfigurations = (
				086D162E237D2D4C001AEA69 /* Debug */,
				086D162F237D2D4C001AEA69 /* Release */,
			);
			defaultConfigurationIsVisible = 0;
			defaultConfigurationName = Release;
		};
		086D1630237D2D4C001AEA69 /* Build configuration list for PBXNativeTarget "Smack(10)" */ = {
			isa = XCConfigurationList;
			buildConfigurations = (
				086D1631237D2D4C001AEA69 /* Debug */,
				086D1632237D2D4C001AEA69 /* Release */,
			);
			defaultConfigurationIsVisible = 0;
			defaultConfigurationName = Release;
		};
		52B53ADB239F58A700DC2C15 /* Build configuration list for PBXNativeTarget "Smack(10)UITests" */ = {
			isa = XCConfigurationList;
			buildConfigurations = (
				52B53AD9239F58A700DC2C15 /* Debug */,
				52B53ADA239F58A700DC2C15 /* Release */,
			);
			defaultConfigurationIsVisible = 0;
			defaultConfigurationName = Release;
		};
/* End XCConfigurationList section */
	};
	rootObject = 086D1616237D2D4B001AEA69 /* Project object */;
}
